
Microsoft Visual Studio Solution File, Format Version 12.00
# Visual Studio Version 17
VisualStudioVersion = 17.14.36203.30 d17.14
MinimumVisualStudioVersion = 10.0.40219.1
Project("{FAE04EC0-301F-11D3-BF4B-00C04F79EFBC}") = "SantaRamona", "SantaRamona\SantaRamona.csproj", "{6A3FC705-5F7A-48C7-B8A4-9DFDD441AE19}"
EndProject
Global
	GlobalSection(SolutionConfigurationPlatforms) = preSolution
		Debug|Any CPU = Debug|Any CPU
		Release|Any CPU = Release|Any CPU
	EndGlobalSection
	GlobalSection(ProjectConfigurationPlatforms) = postSolution
		{6A3FC705-5F7A-48C7-B8A4-9DFDD441AE19}.Debug|Any CPU.ActiveCfg = Debug|Any CPU
		{6A3FC705-5F7A-48C7-B8A4-9DFDD441AE19}.Debug|Any CPU.Build.0 = Debug|Any CPU
		{6A3FC705-5F7A-48C7-B8A4-9DFDD441AE19}.Release|Any CPU.ActiveCfg = Release|Any CPU
		{6A3FC705-5F7A-48C7-B8A4-9DFDD441AE19}.Release|Any CPU.Build.0 = Release|Any CPU
	EndGlobalSection
	GlobalSection(SolutionProperties) = preSolution
		HideSolutionNode = FALSE
	EndGlobalSection
	GlobalSection(ExtensibilityGlobals) = postSolution
		SolutionGuid = {4E1CFB08-A784-46F5-A42D-101DF5FA70F7}
	EndGlobalSection
EndGlobal
